
Microsoft Visual Studio Solution File, Format Version 12.00
# Visual Studio 15
VisualStudioVersion = 15.0.27130.2024
MinimumVisualStudioVersion = 10.0.40219.1
Project("{FAE04EC0-301F-11D3-BF4B-00C04F79EFBC}") = "SpinnerExample1", "SpinnerExample1\SpinnerExample1.csproj", "{A7B1840B-F900-4CF6-B222-7DF58252566D}"
EndProject
Global
	GlobalSection(SolutionConfigurationPlatforms) = preSolution
		Debug|Any CPU = Debug|Any CPU
		Release|Any CPU = Release|Any CPU
	EndGlobalSection
	GlobalSection(ProjectConfigurationPlatforms) = postSolution
		{A7B1840B-F900-4CF6-B222-7DF58252566D}.Debug|Any CPU.ActiveCfg = Debug|Any CPU
		{A7B1840B-F900-4CF6-B222-7DF58252566D}.Debug|Any CPU.Build.0 = Debug|Any CPU
		{A7B1840B-F900-4CF6-B222-7DF58252566D}.Debug|Any CPU.Deploy.0 = Debug|Any CPU
		{A7B1840B-F900-4CF6-B222-7DF58252566D}.Release|Any CPU.ActiveCfg = Release|Any CPU
		{A7B1840B-F900-4CF6-B222-7DF58252566D}.Release|Any CPU.Build.0 = Release|Any CPU
		{A7B1840B-F900-4CF6-B222-7DF58252566D}.Release|Any CPU.Deploy.0 = Release|Any CPU
	EndGlobalSection
	GlobalSection(SolutionProperties) = preSolution
		HideSolutionNode = FALSE
	EndGlobalSection
	GlobalSection(ExtensibilityGlobals) = postSolution
		SolutionGuid = {8DF157A1-66A9-417C-BCB7-EC5FEBB69498}
	EndGlobalSection
EndGlobal
